{
  "nodes": {
    "nixos-hardware": {
      "locked": {
        "lastModified": 1602720771,
        "narHash": "sha256-7eeuedkRQGLAdDJgf/RYW4f8e6lHp/bn+X496O6K+Ks=",
        "owner": "NixOS",
        "repo": "nixos-hardware",
        "rev": "b3827275b78bb5f0a8476daca81212024051b92f",
        "type": "github"
      },
      "original": {
        "owner": "NixOS",
        "ref": "master",
        "repo": "nixos-hardware",
        "type": "github"
      }
    },
    "nixpkgs": {
      "locked": {
        "lastModified": 1602363692,
        "narHash": "sha256-9V8jl1Lzgw+QMqpEWz4+TjRmXktBWLZjqr3yBWBLL1g=",
        "owner": "NixOS",
        "repo": "nixpkgs",
        "rev": "51aaa3fa1b69559456f9bd4968bd5b179a784f67",
        "type": "github"
      },
      "original": {
        "owner": "NixOS",
        "ref": "nixos-20.09",
        "repo": "nixpkgs",
        "type": "github"
      }
    },
    "root": {
      "inputs": {
        "nixos-hardware": "nixos-hardware",
        "nixpkgs": "nixpkgs"
      }
    }
  },
  "root": "root",
  "version": 7
}
